{
    "bugsnag/bugsnag": {
        "version": "v3.10.0"
    },
    "bugsnag/bugsnag-symfony": {
        "version": "1.1-dev"
    },
    "composer/ca-bundle": {
        "version": "1.1.0"
    },
    "doctrine/annotations": {
        "version": "1.0",
        "recipe": {
            "repo": "github.com/symfony/recipes",
            "branch": "master",
            "version": "1.0",
            "ref": "cb4152ebcadbe620ea2261da1a1c5a9b8cea7672"
        }
    },
    "doctrine/cache": {
        "version": "v1.7.1"
    },
    "doctrine/collections": {
        "version": "v1.5.0"
    },
    "doctrine/common": {
        "version": "v2.8.1"
    },
    "doctrine/inflector": {
        "version": "v1.2.0"
    },
    "doctrine/lexer": {
        "version": "v1.0.1"
    },
    "fig/link-util": {
        "version": "1.0.0"
    },
    "guzzlehttp/guzzle": {
        "version": "6.3.0"
    },
    "guzzlehttp/promises": {
        "version": "v1.3.1"
    },
    "guzzlehttp/psr7": {
        "version": "1.4.2"
    },
    "psr/cache": {
        "version": "1.0.1"
    },
    "psr/container": {
        "version": "1.0.0"
    },
    "psr/http-message": {
        "version": "1.0.1"
    },
    "psr/link": {
        "version": "1.0.0"
    },
    "psr/log": {
        "version": "1.0.2"
    },
    "psr/simple-cache": {
        "version": "1.0.0"
    },
    "symfony/cache": {
        "version": "v4.0.2"
    },
    "symfony/console": {
        "version": "3.3",
        "recipe": {
            "repo": "github.com/symfony/recipes",
            "branch": "master",
            "version": "3.3",
            "ref": "9f94d3ea453cd8a3b95db7f82592d7344fe3a76a"
        }
    },
    "symfony/dotenv": {
        "version": "v4.0.2"
    },
    "symfony/flex": {
        "version": "1.0",
        "recipe": {
            "repo": "github.com/symfony/recipes",
            "branch": "master",
            "version": "1.0",
            "ref": "cc1afd81841db36fbef982fe56b48ade6716fac4"
        }
    },
    "symfony/framework-bundle": {
        "version": "3.3",
        "recipe": {
            "repo": "github.com/symfony/recipes",
            "branch": "master",
            "version": "3.3",
            "ref": "70e6c7b1c83d975cf1ca40f9685feeb009d70792"
        }
    },
    "symfony/lts": {
        "version": "4-dev"
    },
    "symfony/polyfill-apcu": {
        "version": "v1.6.0"
    },
    "symfony/polyfill-intl-icu": {
        "version": "v1.6.0"
    },
    "symfony/polyfill-mbstring": {
        "version": "v1.6.0"
    },
    "symfony/polyfill-util": {
        "version": "v1.6.0"
    },
    "symfony/yaml": {
        "version": "v4.0.2"
    },
    "twig/twig": {
        "version": "v2.4.4"
    }
}
